
Microsoft Visual Studio Solution File, Format Version 12.00
# Visual Studio 14
VisualStudioVersion = 14.0.25420.1
MinimumVisualStudioVersion = 10.0.40219.1
Project("{FAE04EC0-301F-11D3-BF4B-00C04F79EFBC}") = "ServerSide", "ServerSide\ServerSide.csproj", "{7ED0FB94-4B8F-429F-9D0F-BF04BAA4757A}"
EndProject
Project("{FAE04EC0-301F-11D3-BF4B-00C04F79EFBC}") = "ClientSide", "ClientSide\ClientSide.csproj", "{CAF469CD-1629-40F5-ACB8-D19603F32500}"
EndProject
Global
	GlobalSection(SolutionConfigurationPlatforms) = preSolution
		Debug|Any CPU = Debug|Any CPU
		Release|Any CPU = Release|Any CPU
	EndGlobalSection
	GlobalSection(ProjectConfigurationPlatforms) = postSolution
		{7ED0FB94-4B8F-429F-9D0F-BF04BAA4757A}.Debug|Any CPU.ActiveCfg = Debug|Any CPU
		{7ED0FB94-4B8F-429F-9D0F-BF04BAA4757A}.Debug|Any CPU.Build.0 = Debug|Any CPU
		{7ED0FB94-4B8F-429F-9D0F-BF04BAA4757A}.Release|Any CPU.ActiveCfg = Release|Any CPU
		{7ED0FB94-4B8F-429F-9D0F-BF04BAA4757A}.Release|Any CPU.Build.0 = Release|Any CPU
		{CAF469CD-1629-40F5-ACB8-D19603F32500}.Debug|Any CPU.ActiveCfg = Debug|Any CPU
		{CAF469CD-1629-40F5-ACB8-D19603F32500}.Debug|Any CPU.Build.0 = Debug|Any CPU
		{CAF469CD-1629-40F5-ACB8-D19603F32500}.Release|Any CPU.ActiveCfg = Release|Any CPU
		{CAF469CD-1629-40F5-ACB8-D19603F32500}.Release|Any CPU.Build.0 = Release|Any CPU
	EndGlobalSection
	GlobalSection(SolutionProperties) = preSolution
		HideSolutionNode = FALSE
	EndGlobalSection
EndGlobal
